
Microsoft Visual Studio Solution File, Format Version 12.00
# Visual Studio Version 16
VisualStudioVersion = 16.0.29920.165
MinimumVisualStudioVersion = 10.0.40219.1
Project("{9A19103F-16F7-4668-BE54-9A1E7A4F7556}") = "CQRS_strona.Domain", "src\CORE\CQRS_strona.Domain\CQRS_strona.Domain.csproj", "{B841C386-4937-455A-888B-3396C4CE5B44}"
EndProject
Project("{9A19103F-16F7-4668-BE54-9A1E7A4F7556}") = "CQRS_strona.Application", "CQRS_strona.Application\CQRS_strona.Application.csproj", "{52D2F1CD-9A9A-49E9-8769-378CEAFBDD81}"
EndProject
Project("{2150E333-8FDC-42A3-9474-1A3956D46DE8}") = "API", "API", "{6CB6313A-588C-4A03-885A-421F131B3E66}"
EndProject
Project("{2150E333-8FDC-42A3-9474-1A3956D46DE8}") = "Core", "Core", "{795F0109-9C56-4E23-ACC0-3020C3DD26F2}"
EndProject
Project("{2150E333-8FDC-42A3-9474-1A3956D46DE8}") = "Infrastructure", "Infrastructure", "{3E8CA4E9-C57C-43EC-933A-2A838F1BE900}"
EndProject
Project("{2150E333-8FDC-42A3-9474-1A3956D46DE8}") = "UI", "UI", "{C1BD7A01-7E29-458E-A052-1D7BE6CFE88C}"
EndProject
Project("{2150E333-8FDC-42A3-9474-1A3956D46DE8}") = "src", "src", "{22C2B3D1-2200-41B0-A431-7F34D5334C48}"
EndProject
Project("{2150E333-8FDC-42A3-9474-1A3956D46DE8}") = "test", "test", "{883EA287-6F6F-4802-8BA3-7AC9C95866A3}"
EndProject
Project("{9A19103F-16F7-4668-BE54-9A1E7A4F7556}") = "CQRS_strona.Application.UnitTest", "CQRS_strona.Application.UnitTest\CQRS_strona.Application.UnitTest.csproj", "{5C01154A-30ED-4D0A-B28A-47FFD617E531}"
	ProjectSection(ProjectDependencies) = postProject
		{52D2F1CD-9A9A-49E9-8769-378CEAFBDD81} = {52D2F1CD-9A9A-49E9-8769-378CEAFBDD81}
	EndProjectSection
EndProject
Project("{9A19103F-16F7-4668-BE54-9A1E7A4F7556}") = "CQRS_strona.Persistence.EF", "CQRS_strona.Persistence.EF\CQRS_strona.Persistence.EF.csproj", "{15B5E68A-AFBE-4DF6-AB96-8FA4A2E78378}"
EndProject
Project("{9A19103F-16F7-4668-BE54-9A1E7A4F7556}") = "CQRS_strona.Api", "CQRS_strona.Api\CQRS_strona.Api.csproj", "{652F90D0-ECE8-46C3-B2D7-B1A8C01E8583}"
EndProject
Project("{FAE04EC0-301F-11D3-BF4B-00C04F79EFBC}") = "CQRS_strona.UI", "CQRS_strona\CQRS_strona.UI.csproj", "{E0DC916F-C065-4D2F-AFCD-4709A226D32A}"
EndProject
Global
	GlobalSection(SolutionConfigurationPlatforms) = preSolution
		Debug|Any CPU = Debug|Any CPU
		Release|Any CPU = Release|Any CPU
	EndGlobalSection
	GlobalSection(ProjectConfigurationPlatforms) = postSolution
		{B841C386-4937-455A-888B-3396C4CE5B44}.Debug|Any CPU.ActiveCfg = Debug|Any CPU
		{B841C386-4937-455A-888B-3396C4CE5B44}.Debug|Any CPU.Build.0 = Debug|Any CPU
		{B841C386-4937-455A-888B-3396C4CE5B44}.Release|Any CPU.ActiveCfg = Release|Any CPU
		{B841C386-4937-455A-888B-3396C4CE5B44}.Release|Any CPU.Build.0 = Release|Any CPU
		{52D2F1CD-9A9A-49E9-8769-378CEAFBDD81}.Debug|Any CPU.ActiveCfg = Debug|Any CPU
		{52D2F1CD-9A9A-49E9-8769-378CEAFBDD81}.Debug|Any CPU.Build.0 = Debug|Any CPU
		{52D2F1CD-9A9A-49E9-8769-378CEAFBDD81}.Release|Any CPU.ActiveCfg = Release|Any CPU
		{52D2F1CD-9A9A-49E9-8769-378CEAFBDD81}.Release|Any CPU.Build.0 = Release|Any CPU
		{5C01154A-30ED-4D0A-B28A-47FFD617E531}.Debug|Any CPU.ActiveCfg = Debug|Any CPU
		{5C01154A-30ED-4D0A-B28A-47FFD617E531}.Debug|Any CPU.Build.0 = Debug|Any CPU
		{5C01154A-30ED-4D0A-B28A-47FFD617E531}.Release|Any CPU.ActiveCfg = Release|Any CPU
		{5C01154A-30ED-4D0A-B28A-47FFD617E531}.Release|Any CPU.Build.0 = Release|Any CPU
		{15B5E68A-AFBE-4DF6-AB96-8FA4A2E78378}.Debug|Any CPU.ActiveCfg = Debug|Any CPU
		{15B5E68A-AFBE-4DF6-AB96-8FA4A2E78378}.Debug|Any CPU.Build.0 = Debug|Any CPU
		{15B5E68A-AFBE-4DF6-AB96-8FA4A2E78378}.Release|Any CPU.ActiveCfg = Release|Any CPU
		{15B5E68A-AFBE-4DF6-AB96-8FA4A2E78378}.Release|Any CPU.Build.0 = Release|Any CPU
		{652F90D0-ECE8-46C3-B2D7-B1A8C01E8583}.Debug|Any CPU.ActiveCfg = Debug|Any CPU
		{652F90D0-ECE8-46C3-B2D7-B1A8C01E8583}.Debug|Any CPU.Build.0 = Debug|Any CPU
		{652F90D0-ECE8-46C3-B2D7-B1A8C01E8583}.Release|Any CPU.ActiveCfg = Release|Any CPU
		{652F90D0-ECE8-46C3-B2D7-B1A8C01E8583}.Release|Any CPU.Build.0 = Release|Any CPU
		{E0DC916F-C065-4D2F-AFCD-4709A226D32A}.Debug|Any CPU.ActiveCfg = Debug|Any CPU
		{E0DC916F-C065-4D2F-AFCD-4709A226D32A}.Debug|Any CPU.Build.0 = Debug|Any CPU
		{E0DC916F-C065-4D2F-AFCD-4709A226D32A}.Release|Any CPU.ActiveCfg = Release|Any CPU
		{E0DC916F-C065-4D2F-AFCD-4709A226D32A}.Release|Any CPU.Build.0 = Release|Any CPU
	EndGlobalSection
	GlobalSection(SolutionProperties) = preSolution
		HideSolutionNode = FALSE
	EndGlobalSection
	GlobalSection(NestedProjects) = preSolution
		{B841C386-4937-455A-888B-3396C4CE5B44} = {795F0109-9C56-4E23-ACC0-3020C3DD26F2}
		{52D2F1CD-9A9A-49E9-8769-378CEAFBDD81} = {795F0109-9C56-4E23-ACC0-3020C3DD26F2}
		{6CB6313A-588C-4A03-885A-421F131B3E66} = {22C2B3D1-2200-41B0-A431-7F34D5334C48}
		{795F0109-9C56-4E23-ACC0-3020C3DD26F2} = {22C2B3D1-2200-41B0-A431-7F34D5334C48}
		{3E8CA4E9-C57C-43EC-933A-2A838F1BE900} = {22C2B3D1-2200-41B0-A431-7F34D5334C48}
		{C1BD7A01-7E29-458E-A052-1D7BE6CFE88C} = {22C2B3D1-2200-41B0-A431-7F34D5334C48}
		{5C01154A-30ED-4D0A-B28A-47FFD617E531} = {883EA287-6F6F-4802-8BA3-7AC9C95866A3}
		{15B5E68A-AFBE-4DF6-AB96-8FA4A2E78378} = {3E8CA4E9-C57C-43EC-933A-2A838F1BE900}
		{652F90D0-ECE8-46C3-B2D7-B1A8C01E8583} = {6CB6313A-588C-4A03-885A-421F131B3E66}
		{E0DC916F-C065-4D2F-AFCD-4709A226D32A} = {C1BD7A01-7E29-458E-A052-1D7BE6CFE88C}
	EndGlobalSection
	GlobalSection(ExtensibilityGlobals) = postSolution
		SolutionGuid = {E043B58D-5707-416D-B627-D9F399C020EA}
	EndGlobalSection
EndGlobal
