
Microsoft Visual Studio Solution File, Format Version 12.00
# Visual Studio Version 16
VisualStudioVersion = 16.0.29920.165
MinimumVisualStudioVersion = 10.0.40219.1
Project("{9A19103F-16F7-4668-BE54-9A1E7A4F7556}") = "CQRS_strona.Domain", "src\CORE\CQRS_strona.Domain\CQRS_strona.Domain.csproj", "{B841C386-4937-455A-888B-3396C4CE5B44}"
EndProject
Project("{9A19103F-16F7-4668-BE54-9A1E7A4F7556}") = "Application", "src\CORE\CQRS_strona.Application\Application\Application.csproj", "{7C4D8A98-7A36-4727-8FF7-23A335745EC8}"
EndProject
Project("{FAE04EC0-301F-11D3-BF4B-00C04F79EFBC}") = "CQRS_strona.Application", "CQRS_strona.Application\CQRS_strona.Application.csproj", "{52D2F1CD-9A9A-49E9-8769-378CEAFBDD81}"
EndProject
Global
	GlobalSection(SolutionConfigurationPlatforms) = preSolution
		Debug|Any CPU = Debug|Any CPU
		Release|Any CPU = Release|Any CPU
	EndGlobalSection
	GlobalSection(ProjectConfigurationPlatforms) = postSolution
		{B841C386-4937-455A-888B-3396C4CE5B44}.Debug|Any CPU.ActiveCfg = Debug|Any CPU
		{B841C386-4937-455A-888B-3396C4CE5B44}.Debug|Any CPU.Build.0 = Debug|Any CPU
		{B841C386-4937-455A-888B-3396C4CE5B44}.Release|Any CPU.ActiveCfg = Release|Any CPU
		{B841C386-4937-455A-888B-3396C4CE5B44}.Release|Any CPU.Build.0 = Release|Any CPU
		{7C4D8A98-7A36-4727-8FF7-23A335745EC8}.Debug|Any CPU.ActiveCfg = Debug|Any CPU
		{7C4D8A98-7A36-4727-8FF7-23A335745EC8}.Debug|Any CPU.Build.0 = Debug|Any CPU
		{7C4D8A98-7A36-4727-8FF7-23A335745EC8}.Release|Any CPU.ActiveCfg = Release|Any CPU
		{7C4D8A98-7A36-4727-8FF7-23A335745EC8}.Release|Any CPU.Build.0 = Release|Any CPU
		{52D2F1CD-9A9A-49E9-8769-378CEAFBDD81}.Debug|Any CPU.ActiveCfg = Debug|Any CPU
		{52D2F1CD-9A9A-49E9-8769-378CEAFBDD81}.Debug|Any CPU.Build.0 = Debug|Any CPU
		{52D2F1CD-9A9A-49E9-8769-378CEAFBDD81}.Release|Any CPU.ActiveCfg = Release|Any CPU
		{52D2F1CD-9A9A-49E9-8769-378CEAFBDD81}.Release|Any CPU.Build.0 = Release|Any CPU
	EndGlobalSection
	GlobalSection(SolutionProperties) = preSolution
		HideSolutionNode = FALSE
	EndGlobalSection
	GlobalSection(ExtensibilityGlobals) = postSolution
		SolutionGuid = {E043B58D-5707-416D-B627-D9F399C020EA}
	EndGlobalSection
EndGlobal
